// !$*UTF8*$!
{
	archiveVersion = 1;
	classes = {
	};
	objectVersion = 56;
	objects = {

/* Begin PBXBuildFile section */
		B55974102ACD449C00FC01FE /* AppDelegate.swift in Sources */ = {isa = PBXBuildFile; fileRef = B559740F2ACD449C00FC01FE /* AppDelegate.swift */; };
		B55974122ACD449C00FC01FE /* SceneDelegate.swift in Sources */ = {isa = PBXBuildFile; fileRef = B55974112ACD449C00FC01FE /* SceneDelegate.swift */; };
		B55974142ACD449C00FC01FE /* ViewController.swift in Sources */ = {isa = PBXBuildFile; fileRef = B55974132ACD449C00FC01FE /* ViewController.swift */; };
		B55974172ACD449C00FC01FE /* Main.storyboard in Resources */ = {isa = PBXBuildFile; fileRef = B55974152ACD449C00FC01FE /* Main.storyboard */; };
		B55974192ACD449E00FC01FE /* Assets.xcassets in Resources */ = {isa = PBXBuildFile; fileRef = B55974182ACD449E00FC01FE /* Assets.xcassets */; };
		B559741C2ACD449E00FC01FE /* LaunchScreen.storyboard in Resources */ = {isa = PBXBuildFile; fileRef = B559741A2ACD449E00FC01FE /* LaunchScreen.storyboard */; };
		B55974262ACD459C00FC01FE /* String+.swift in Sources */ = {isa = PBXBuildFile; fileRef = B55974252ACD459C00FC01FE /* String+.swift */; };
		B55974282ACD94D200FC01FE /* UIButton+.swift in Sources */ = {isa = PBXBuildFile; fileRef = B55974272ACD94D200FC01FE /* UIButton+.swift */; };
		B559742A2ACD98E200FC01FE /* UIColor+.swift in Sources */ = {isa = PBXBuildFile; fileRef = B55974292ACD98E200FC01FE /* UIColor+.swift */; };
		B559742C2ACD99F200FC01FE /* Array+.swift in Sources */ = {isa = PBXBuildFile; fileRef = B559742B2ACD99F200FC01FE /* Array+.swift */; };
		B559742E2ACD9A9F00FC01FE /* Encodable+.swift in Sources */ = {isa = PBXBuildFile; fileRef = B559742D2ACD9A9F00FC01FE /* Encodable+.swift */; };
		B55974302ACD9B1800FC01FE /* NSDictionary+.swift in Sources */ = {isa = PBXBuildFile; fileRef = B559742F2ACD9B1800FC01FE /* NSDictionary+.swift */; };
		B55974322ACD9C8100FC01FE /* UIImage+.swift in Sources */ = {isa = PBXBuildFile; fileRef = B55974312ACD9C8100FC01FE /* UIImage+.swift */; };
/* End PBXBuildFile section */

/* Begin PBXFileReference section */
		B559740C2ACD449C00FC01FE /* Extensions.app */ = {isa = PBXFileReference; explicitFileType = wrapper.application; includeInIndex = 0; path = Extensions.app; sourceTree = BUILT_PRODUCTS_DIR; };
		B559740F2ACD449C00FC01FE /* AppDelegate.swift */ = {isa = PBXFileReference; lastKnownFileType = sourcecode.swift; path = AppDelegate.swift; sourceTree = "<group>"; };
		B55974112ACD449C00FC01FE /* SceneDelegate.swift */ = {isa = PBXFileReference; lastKnownFileType = sourcecode.swift; path = SceneDelegate.swift; sourceTree = "<group>"; };
		B55974132ACD449C00FC01FE /* ViewController.swift */ = {isa = PBXFileReference; lastKnownFileType = sourcecode.swift; path = ViewController.swift; sourceTree = "<group>"; };
		B55974162ACD449C00FC01FE /* Base */ = {isa = PBXFileReference; lastKnownFileType = file.storyboard; name = Base; path = Base.lproj/Main.storyboard; sourceTree = "<group>"; };
		B55974182ACD449E00FC01FE /* Assets.xcassets */ = {isa = PBXFileReference; lastKnownFileType = folder.assetcatalog; path = Assets.xcassets; sourceTree = "<group>"; };
		B559741B2ACD449E00FC01FE /* Base */ = {isa = PBXFileReference; lastKnownFileType = file.storyboard; name = Base; path = Base.lproj/LaunchScreen.storyboard; sourceTree = "<group>"; };
		B559741D2ACD449E00FC01FE /* Info.plist */ = {isa = PBXFileReference; lastKnownFileType = text.plist.xml; path = Info.plist; sourceTree = "<group>"; };
		B55974252ACD459C00FC01FE /* String+.swift */ = {isa = PBXFileReference; lastKnownFileType = sourcecode.swift; path = "String+.swift"; sourceTree = "<group>"; };
		B55974272ACD94D200FC01FE /* UIButton+.swift */ = {isa = PBXFileReference; lastKnownFileType = sourcecode.swift; path = "UIButton+.swift"; sourceTree = "<group>"; };
		B55974292ACD98E200FC01FE /* UIColor+.swift */ = {isa = PBXFileReference; lastKnownFileType = sourcecode.swift; path = "UIColor+.swift"; sourceTree = "<group>"; };
		B559742B2ACD99F200FC01FE /* Array+.swift */ = {isa = PBXFileReference; lastKnownFileType = sourcecode.swift; path = "Array+.swift"; sourceTree = "<group>"; };
		B559742D2ACD9A9F00FC01FE /* Encodable+.swift */ = {isa = PBXFileReference; lastKnownFileType = sourcecode.swift; path = "Encodable+.swift"; sourceTree = "<group>"; };
		B559742F2ACD9B1800FC01FE /* NSDictionary+.swift */ = {isa = PBXFileReference; lastKnownFileType = sourcecode.swift; path = "NSDictionary+.swift"; sourceTree = "<group>"; };
		B55974312ACD9C8100FC01FE /* UIImage+.swift */ = {isa = PBXFileReference; lastKnownFileType = sourcecode.swift; path = "UIImage+.swift"; sourceTree = "<group>"; };
/* End PBXFileReference section */

/* Begin PBXFrameworksBuildPhase section */
		B55974092ACD449C00FC01FE /* Frameworks */ = {
			isa = PBXFrameworksBuildPhase;
			buildActionMask = 2147483647;
			files = (
			);
			runOnlyForDeploymentPostprocessing = 0;
		};
/* End PBXFrameworksBuildPhase section */

/* Begin PBXGroup section */
		B55974032ACD449C00FC01FE = {
			isa = PBXGroup;
			children = (
				B559740E2ACD449C00FC01FE /* Extensions */,
				B559740D2ACD449C00FC01FE /* Products */,
			);
			sourceTree = "<group>";
		};
		B559740D2ACD449C00FC01FE /* Products */ = {
			isa = PBXGroup;
			children = (
				B559740C2ACD449C00FC01FE /* Extensions.app */,
			);
			name = Products;
			sourceTree = "<group>";
		};
		B559740E2ACD449C00FC01FE /* Extensions */ = {
			isa = PBXGroup;
			children = (
				B559740F2ACD449C00FC01FE /* AppDelegate.swift */,
				B55974112ACD449C00FC01FE /* SceneDelegate.swift */,
				B55974132ACD449C00FC01FE /* ViewController.swift */,
				B55974152ACD449C00FC01FE /* Main.storyboard */,
				B55974182ACD449E00FC01FE /* Assets.xcassets */,
				B559741A2ACD449E00FC01FE /* LaunchScreen.storyboard */,
				B559741D2ACD449E00FC01FE /* Info.plist */,
				B55974252ACD459C00FC01FE /* String+.swift */,
				B55974272ACD94D200FC01FE /* UIButton+.swift */,
				B55974292ACD98E200FC01FE /* UIColor+.swift */,
				B559742B2ACD99F200FC01FE /* Array+.swift */,
				B559742D2ACD9A9F00FC01FE /* Encodable+.swift */,
				B559742F2ACD9B1800FC01FE /* NSDictionary+.swift */,
				B55974312ACD9C8100FC01FE /* UIImage+.swift */,
			);
			path = Extensions;
			sourceTree = "<group>";
		};
/* End PBXGroup section */

/* Begin PBXNativeTarget section */
		B559740B2ACD449C00FC01FE /* Extensions */ = {
			isa = PBXNativeTarget;
			buildConfigurationList = B55974202ACD449E00FC01FE /* Build configuration list for PBXNativeTarget "Extensions" */;
			buildPhases = (
				B55974082ACD449C00FC01FE /* Sources */,
				B55974092ACD449C00FC01FE /* Frameworks */,
				B559740A2ACD449C00FC01FE /* Resources */,
			);
			buildRules = (
			);
			dependencies = (
			);
			name = Extensions;
			productName = Extensions;
			productReference = B559740C2ACD449C00FC01FE /* Extensions.app */;
			productType = "com.apple.product-type.application";
		};
/* End PBXNativeTarget section */

/* Begin PBXProject section */
		B55974042ACD449C00FC01FE /* Project object */ = {
			isa = PBXProject;
			attributes = {
				BuildIndependentTargetsInParallel = 1;
				LastSwiftUpdateCheck = 1430;
				LastUpgradeCheck = 1430;
				TargetAttributes = {
					B559740B2ACD449C00FC01FE = {
						CreatedOnToolsVersion = 14.3.1;
					};
				};
			};
			buildConfigurationList = B55974072ACD449C00FC01FE /* Build configuration list for PBXProject "Extensions" */;
			compatibilityVersion = "Xcode 14.0";
			developmentRegion = en;
			hasScannedForEncodings = 0;
			knownRegions = (
				en,
				Base,
			);
			mainGroup = B55974032ACD449C00FC01FE;
			productRefGroup = B559740D2ACD449C00FC01FE /* Products */;
			projectDirPath = "";
			projectRoot = "";
			targets = (
				B559740B2ACD449C00FC01FE /* Extensions */,
			);
		};
/* End PBXProject section */

/* Begin PBXResourcesBuildPhase section */
		B559740A2ACD449C00FC01FE /* Resources */ = {
			isa = PBXResourcesBuildPhase;
			buildActionMask = 2147483647;
			files = (
				B559741C2ACD449E00FC01FE /* LaunchScreen.storyboard in Resources */,
				B55974192ACD449E00FC01FE /* Assets.xcassets in Resources */,
				B55974172ACD449C00FC01FE /* Main.storyboard in Resources */,
			);
			runOnlyForDeploymentPostprocessing = 0;
		};
/* End PBXResourcesBuildPhase section */

/* Begin PBXSourcesBuildPhase section */
		B55974082ACD449C00FC01FE /* Sources */ = {
			isa = PBXSourcesBuildPhase;
			buildActionMask = 2147483647;
			files = (
				B55974302ACD9B1800FC01FE /* NSDictionary+.swift in Sources */,
				B55974142ACD449C00FC01FE /* ViewController.swift in Sources */,
				B55974102ACD449C00FC01FE /* AppDelegate.swift in Sources */,
				B55974262ACD459C00FC01FE /* String+.swift in Sources */,
				B559742E2ACD9A9F00FC01FE /* Encodable+.swift in Sources */,
				B55974122ACD449C00FC01FE /* SceneDelegate.swift in Sources */,
				B55974282ACD94D200FC01FE /* UIButton+.swift in Sources */,
				B55974322ACD9C8100FC01FE /* UIImage+.swift in Sources */,
				B559742A2ACD98E200FC01FE /* UIColor+.swift in Sources */,
				B559742C2ACD99F200FC01FE /* Array+.swift in Sources */,
			);
			runOnlyForDeploymentPostprocessing = 0;
		};
/* End PBXSourcesBuildPhase section */

/* Begin PBXVariantGroup section */
		B55974152ACD449C00FC01FE /* Main.storyboard */ = {
			isa = PBXVariantGroup;
			children = (
				B55974162ACD449C00FC01FE /* Base */,
			);
			name = Main.storyboard;
			sourceTree = "<group>";
		};
		B559741A2ACD449E00FC01FE /* LaunchScreen.storyboard */ = {
			isa = PBXVariantGroup;
			children = (
				B559741B2ACD449E00FC01FE /* Base */,
			);
			name = LaunchScreen.storyboard;
			sourceTree = "<group>";
		};
/* End PBXVariantGroup section */

/* Begin XCBuildConfiguration section */
		B559741E2ACD449E00FC01FE /* Debug */ = {
			isa = XCBuildConfiguration;
			buildSettings = {
				ALWAYS_SEARCH_USER_PATHS = NO;
				CLANG_ANALYZER_NONNULL = YES;
				CLANG_ANALYZER_NUMBER_OBJECT_CONVERSION = YES_AGGRESSIVE;
				CLANG_CXX_LANGUAGE_STANDARD = "gnu++20";
				CLANG_ENABLE_MODULES = YES;
				CLANG_ENABLE_OBJC_ARC = YES;
				CLANG_ENABLE_OBJC_WEAK = YES;
				CLANG_WARN_BLOCK_CAPTURE_AUTORELEASING = YES;
				CLANG_WARN_BOOL_CONVERSION = YES;
				CLANG_WARN_COMMA = YES;
				CLANG_WARN_CONSTANT_CONVERSION = YES;
				CLANG_WARN_DEPRECATED_OBJC_IMPLEMENTATIONS = YES;
				CLANG_WARN_DIRECT_OBJC_ISA_USAGE = YES_ERROR;
				CLANG_WARN_DOCUMENTATION_COMMENTS = YES;
				CLANG_WARN_EMPTY_BODY = YES;
				CLANG_WARN_ENUM_CONVERSION = YES;
				CLANG_WARN_INFINITE_RECURSION = YES;
				CLANG_WARN_INT_CONVERSION = YES;
				CLANG_WARN_NON_LITERAL_NULL_CONVERSION = YES;
				CLANG_WARN_OBJC_IMPLICIT_RETAIN_SELF = YES;
				CLANG_WARN_OBJC_LITERAL_CONVERSION = YES;
				CLANG_WARN_OBJC_ROOT_CLASS = YES_ERROR;
				CLANG_WARN_QUOTED_INCLUDE_IN_FRAMEWORK_HEADER = YES;
				CLANG_WARN_RANGE_LOOP_ANALYSIS = YES;
				CLANG_WARN_STRICT_PROTOTYPES = YES;
				CLANG_WARN_SUSPICIOUS_MOVE = YES;
				CLANG_WARN_UNGUARDED_AVAILABILITY = YES_AGGRESSIVE;
				CLANG_WARN_UNREACHABLE_CODE = YES;
				CLANG_WARN__DUPLICATE_METHOD_MATCH = YES;
				COPY_PHASE_STRIP = NO;
				DEBUG_INFORMATION_FORMAT = dwarf;
				ENABLE_STRICT_OBJC_MSGSEND = YES;
				ENABLE_TESTABILITY = YES;
				GCC_C_LANGUAGE_STANDARD = gnu11;
				GCC_DYNAMIC_NO_PIC = NO;
				GCC_NO_COMMON_BLOCKS = YES;
				GCC_OPTIMIZATION_LEVEL = 0;
				GCC_PREPROCESSOR_DEFINITIONS = (
					"DEBUG=1",
					"$(inherited)",
				);
				GCC_WARN_64_TO_32_BIT_CONVERSION = YES;
				GCC_WARN_ABOUT_RETURN_TYPE = YES_ERROR;
				GCC_WARN_UNDECLARED_SELECTOR = YES;
				GCC_WARN_UNINITIALIZED_AUTOS = YES_AGGRESSIVE;
				GCC_WARN_UNUSED_FUNCTION = YES;
				GCC_WARN_UNUSED_VARIABLE = YES;
				IPHONEOS_DEPLOYMENT_TARGET = 16.4;
				MTL_ENABLE_DEBUG_INFO = INCLUDE_SOURCE;
				MTL_FAST_MATH = YES;
				ONLY_ACTIVE_ARCH = YES;
				SDKROOT = iphoneos;
				SWIFT_ACTIVE_COMPILATION_CONDITIONS = DEBUG;
				SWIFT_OPTIMIZATION_LEVEL = "-Onone";
			};
			name = Debug;
		};
		B559741F2ACD449E00FC01FE /* Release */ = {
			isa = XCBuildConfiguration;
			buildSettings = {
				ALWAYS_SEARCH_USER_PATHS = NO;
				CLANG_ANALYZER_NONNULL = YES;
				CLANG_ANALYZER_NUMBER_OBJECT_CONVERSION = YES_AGGRESSIVE;
				CLANG_CXX_LANGUAGE_STANDARD = "gnu++20";
				CLANG_ENABLE_MODULES = YES;
				CLANG_ENABLE_OBJC_ARC = YES;
				CLANG_ENABLE_OBJC_WEAK = YES;
				CLANG_WARN_BLOCK_CAPTURE_AUTORELEASING = YES;
				CLANG_WARN_BOOL_CONVERSION = YES;
				CLANG_WARN_COMMA = YES;
				CLANG_WARN_CONSTANT_CONVERSION = YES;
				CLANG_WARN_DEPRECATED_OBJC_IMPLEMENTATIONS = YES;
				CLANG_WARN_DIRECT_OBJC_ISA_USAGE = YES_ERROR;
				CLANG_WARN_DOCUMENTATION_COMMENTS = YES;
				CLANG_WARN_EMPTY_BODY = YES;
				CLANG_WARN_ENUM_CONVERSION = YES;
				CLANG_WARN_INFINITE_RECURSION = YES;
				CLANG_WARN_INT_CONVERSION = YES;
				CLANG_WARN_NON_LITERAL_NULL_CONVERSION = YES;
				CLANG_WARN_OBJC_IMPLICIT_RETAIN_SELF = YES;
				CLANG_WARN_OBJC_LITERAL_CONVERSION = YES;
				CLANG_WARN_OBJC_ROOT_CLASS = YES_ERROR;
				CLANG_WARN_QUOTED_INCLUDE_IN_FRAMEWORK_HEADER = YES;
				CLANG_WARN_RANGE_LOOP_ANALYSIS = YES;
				CLANG_WARN_STRICT_PROTOTYPES = YES;
				CLANG_WARN_SUSPICIOUS_MOVE = YES;
				CLANG_WARN_UNGUARDED_AVAILABILITY = YES_AGGRESSIVE;
				CLANG_WARN_UNREACHABLE_CODE = YES;
				CLANG_WARN__DUPLICATE_METHOD_MATCH = YES;
				COPY_PHASE_STRIP = NO;
				DEBUG_INFORMATION_FORMAT = "dwarf-with-dsym";
				ENABLE_NS_ASSERTIONS = NO;
				ENABLE_STRICT_OBJC_MSGSEND = YES;
				GCC_C_LANGUAGE_STANDARD = gnu11;
				GCC_NO_COMMON_BLOCKS = YES;
				GCC_WARN_64_TO_32_BIT_CONVERSION = YES;
				GCC_WARN_ABOUT_RETURN_TYPE = YES_ERROR;
				GCC_WARN_UNDECLARED_SELECTOR = YES;
				GCC_WARN_UNINITIALIZED_AUTOS = YES_AGGRESSIVE;
				GCC_WARN_UNUSED_FUNCTION = YES;
				GCC_WARN_UNUSED_VARIABLE = YES;
				IPHONEOS_DEPLOYMENT_TARGET = 16.4;
				MTL_ENABLE_DEBUG_INFO = NO;
				MTL_FAST_MATH = YES;
				SDKROOT = iphoneos;
				SWIFT_COMPILATION_MODE = wholemodule;
				SWIFT_OPTIMIZATION_LEVEL = "-O";
				VALIDATE_PRODUCT = YES;
			};
			name = Release;
		};
		B55974212ACD449E00FC01FE /* Debug */ = {
			isa = XCBuildConfiguration;
			buildSettings = {
				ASSETCATALOG_COMPILER_APPICON_NAME = AppIcon;
				ASSETCATALOG_COMPILER_GLOBAL_ACCENT_COLOR_NAME = AccentColor;
				CODE_SIGN_STYLE = Automatic;
				CURRENT_PROJECT_VERSION = 1;
				GENERATE_INFOPLIST_FILE = YES;
				INFOPLIST_FILE = Extensions/Info.plist;
				INFOPLIST_KEY_UIApplicationSupportsIndirectInputEvents = YES;
				INFOPLIST_KEY_UILaunchStoryboardName = LaunchScreen;
				INFOPLIST_KEY_UIMainStoryboardFile = Main;
				INFOPLIST_KEY_UISupportedInterfaceOrientations_iPad = "UIInterfaceOrientationPortrait UIInterfaceOrientationPortraitUpsideDown UIInterfaceOrientationLandscapeLeft UIInterfaceOrientationLandscapeRight";
				INFOPLIST_KEY_UISupportedInterfaceOrientations_iPhone = "UIInterfaceOrientationPortrait UIInterfaceOrientationLandscapeLeft UIInterfaceOrientationLandscapeRight";
				LD_RUNPATH_SEARCH_PATHS = (
					"$(inherited)",
					"@executable_path/Frameworks",
				);
				MARKETING_VERSION = 1.0;
				PRODUCT_BUNDLE_IDENTIFIER = com.arex.Extensions;
				PRODUCT_NAME = "$(TARGET_NAME)";
				SWIFT_EMIT_LOC_STRINGS = YES;
				SWIFT_VERSION = 5.0;
				TARGETED_DEVICE_FAMILY = "1,2";
			};
			name = Debug;
		};
		B55974222ACD449E00FC01FE /* Release */ = {
			isa = XCBuildConfiguration;
			buildSettings = {
				ASSETCATALOG_COMPILER_APPICON_NAME = AppIcon;
				ASSETCATALOG_COMPILER_GLOBAL_ACCENT_COLOR_NAME = AccentColor;
				CODE_SIGN_STYLE = Automatic;
				CURRENT_PROJECT_VERSION = 1;
				GENERATE_INFOPLIST_FILE = YES;
				INFOPLIST_FILE = Extensions/Info.plist;
				INFOPLIST_KEY_UIApplicationSupportsIndirectInputEvents = YES;
				INFOPLIST_KEY_UILaunchStoryboardName = LaunchScreen;
				INFOPLIST_KEY_UIMainStoryboardFile = Main;
				INFOPLIST_KEY_UISupportedInterfaceOrientations_iPad = "UIInterfaceOrientationPortrait UIInterfaceOrientationPortraitUpsideDown UIInterfaceOrientationLandscapeLeft UIInterfaceOrientationLandscapeRight";
				INFOPLIST_KEY_UISupportedInterfaceOrientations_iPhone = "UIInterfaceOrientationPortrait UIInterfaceOrientationLandscapeLeft UIInterfaceOrientationLandscapeRight";
				LD_RUNPATH_SEARCH_PATHS = (
					"$(inherited)",
					"@executable_path/Frameworks",
				);
				MARKETING_VERSION = 1.0;
				PRODUCT_BUNDLE_IDENTIFIER = com.arex.Extensions;
				PRODUCT_NAME = "$(TARGET_NAME)";
				SWIFT_EMIT_LOC_STRINGS = YES;
				SWIFT_VERSION = 5.0;
				TARGETED_DEVICE_FAMILY = "1,2";
			};
			name = Release;
		};
/* End XCBuildConfiguration section */

/* Begin XCConfigurationList section */
		B55974072ACD449C00FC01FE /* Build configuration list for PBXProject "Extensions" */ = {
			isa = XCConfigurationList;
			buildConfigurations = (
				B559741E2ACD449E00FC01FE /* Debug */,
				B559741F2ACD449E00FC01FE /* Release */,
			);
			defaultConfigurationIsVisible = 0;
			defaultConfigurationName = Release;
		};
		B55974202ACD449E00FC01FE /* Build configuration list for PBXNativeTarget "Extensions" */ = {
			isa = XCConfigurationList;
			buildConfigurations = (
				B55974212ACD449E00FC01FE /* Debug */,
				B55974222ACD449E00FC01FE /* Release */,
			);
			defaultConfigurationIsVisible = 0;
			defaultConfigurationName = Release;
		};
/* End XCConfigurationList section */
	};
	rootObject = B55974042ACD449C00FC01FE /* Project object */;
}
